
Microsoft Visual Studio Solution File, Format Version 12.00
# Visual Studio Version 16
VisualStudioVersion = 16.0.31410.357
MinimumVisualStudioVersion = 10.0.40219.1
Project("{FAE04EC0-301F-11D3-BF4B-00C04F79EFBC}") = "WpfStartupWindowPractice", "WpfStartupWindowPractice\WpfStartupWindowPractice.csproj", "{B9C63204-118F-4F60-A940-21CCE84DAEF3}"
EndProject
Global
	GlobalSection(SolutionConfigurationPlatforms) = preSolution
		Debug|Any CPU = Debug|Any CPU
		Release|Any CPU = Release|Any CPU
	EndGlobalSection
	GlobalSection(ProjectConfigurationPlatforms) = postSolution
		{B9C63204-118F-4F60-A940-21CCE84DAEF3}.Debug|Any CPU.ActiveCfg = Debug|Any CPU
		{B9C63204-118F-4F60-A940-21CCE84DAEF3}.Debug|Any CPU.Build.0 = Debug|Any CPU
		{B9C63204-118F-4F60-A940-21CCE84DAEF3}.Release|Any CPU.ActiveCfg = Release|Any CPU
		{B9C63204-118F-4F60-A940-21CCE84DAEF3}.Release|Any CPU.Build.0 = Release|Any CPU
	EndGlobalSection
	GlobalSection(SolutionProperties) = preSolution
		HideSolutionNode = FALSE
	EndGlobalSection
	GlobalSection(ExtensibilityGlobals) = postSolution
		SolutionGuid = {ADC7CFE6-AD5F-4560-91EC-27510945CA54}
	EndGlobalSection
EndGlobal
